// !$*UTF8*$!
{
	archiveVersion = 1;
	classes = {
	};
	objectVersion = 55;
	objects = {

/* Begin PBXBuildFile section */
		B82F76E828CF5A78000FD2BB /* ImageAsset.xcassets in Resources */ = {isa = PBXBuildFile; fileRef = B82F76E728CF5A78000FD2BB /* ImageAsset.xcassets */; };
		B864DBBF28D6100300948E2D /* loading.json in Resources */ = {isa = PBXBuildFile; fileRef = B864DBBE28D6100300948E2D /* loading.json */; };
		B87D575F28D0739900686B90 /* lottie_star.json in Resources */ = {isa = PBXBuildFile; fileRef = B87D575A28D0739900686B90 /* lottie_star.json */; };
		B87D576F28D0CE7200686B90 /* blank.json in Resources */ = {isa = PBXBuildFile; fileRef = B87D576E28D0CE7100686B90 /* blank.json */; };
		B87D577328D0D07B00686B90 /* noFavorites.json in Resources */ = {isa = PBXBuildFile; fileRef = B87D577228D0D07B00686B90 /* noFavorites.json */; };
		B87D577528D0D14700686B90 /* noFavoritesDark.json in Resources */ = {isa = PBXBuildFile; fileRef = B87D577428D0D14600686B90 /* noFavoritesDark.json */; };
		B8A51ECB28D4829900FFDCED /* search.json in Resources */ = {isa = PBXBuildFile; fileRef = B8A51ECA28D4829900FFDCED /* search.json */; };
		B8BDD13528BA4CCF006BC557 /* AppDelegate.swift in Sources */ = {isa = PBXBuildFile; fileRef = B8BDD13428BA4CCF006BC557 /* AppDelegate.swift */; };
		B8BDD14128BA4CD0006BC557 /* LaunchScreen.storyboard in Resources */ = {isa = PBXBuildFile; fileRef = B8BDD13F28BA4CD0006BC557 /* LaunchScreen.storyboard */; };
		B8C5EB1B28D72E61008B617D /* launch.json in Resources */ = {isa = PBXBuildFile; fileRef = B8C5EB1628D72E60008B617D /* launch.json */; };
		B8EEFD0828C1DF3C0057990E /* data.framework in Frameworks */ = {isa = PBXBuildFile; fileRef = B859505A28BCAE010072E95A /* data.framework */; };
		B8EEFD0928C1DF3C0057990E /* data.framework in Embed Frameworks */ = {isa = PBXBuildFile; fileRef = B859505A28BCAE010072E95A /* data.framework */; settings = {ATTRIBUTES = (CodeSignOnCopy, RemoveHeadersOnCopy, ); }; };
		B8EEFD0A28C1DF3C0057990E /* domain.framework in Frameworks */ = {isa = PBXBuildFile; fileRef = B859504028BCADEF0072E95A /* domain.framework */; };
		B8EEFD0B28C1DF3C0057990E /* domain.framework in Embed Frameworks */ = {isa = PBXBuildFile; fileRef = B859504028BCADEF0072E95A /* domain.framework */; settings = {ATTRIBUTES = (CodeSignOnCopy, RemoveHeadersOnCopy, ); }; };
		B8EEFD0C28C1DF3C0057990E /* presentation.framework in Frameworks */ = {isa = PBXBuildFile; fileRef = B859502628BCADCC0072E95A /* presentation.framework */; };
		B8EEFD0D28C1DF3C0057990E /* presentation.framework in Embed Frameworks */ = {isa = PBXBuildFile; fileRef = B859502628BCADCC0072E95A /* presentation.framework */; settings = {ATTRIBUTES = (CodeSignOnCopy, RemoveHeadersOnCopy, ); }; };
/* End PBXBuildFile section */

/* Begin PBXContainerItemProxy section */
		B822718528BF596A006492D1 /* PBXContainerItemProxy */ = {
			isa = PBXContainerItemProxy;
			containerPortal = B859505528BCAE000072E95A /* data.xcodeproj */;
			proxyType = 2;
			remoteGlobalIDString = B825C9C628BE585500452978;
			remoteInfo = dataTests;
		};
		B859502528BCADCC0072E95A /* PBXContainerItemProxy */ = {
			isa = PBXContainerItemProxy;
			containerPortal = B859502128BCADCC0072E95A /* presentation.xcodeproj */;
			proxyType = 2;
			remoteGlobalIDString = B859501728BCADCC0072E95A;
			remoteInfo = presentation;
		};
		B859503F28BCADEF0072E95A /* PBXContainerItemProxy */ = {
			isa = PBXContainerItemProxy;
			containerPortal = B859503B28BCADEF0072E95A /* domain.xcodeproj */;
			proxyType = 2;
			remoteGlobalIDString = B859503128BCADEF0072E95A;
			remoteInfo = domain;
		};
		B859505928BCAE010072E95A /* PBXContainerItemProxy */ = {
			isa = PBXContainerItemProxy;
			containerPortal = B859505528BCAE000072E95A /* data.xcodeproj */;
			proxyType = 2;
			remoteGlobalIDString = B859504B28BCAE000072E95A;
			remoteInfo = data;
		};
/* End PBXContainerItemProxy section */

/* Begin PBXCopyFilesBuildPhase section */
		B8EEFD0E28C1DF3C0057990E /* Embed Frameworks */ = {
			isa = PBXCopyFilesBuildPhase;
			buildActionMask = 2147483647;
			dstPath = "";
			dstSubfolderSpec = 10;
			files = (
				B8EEFD0D28C1DF3C0057990E /* presentation.framework in Embed Frameworks */,
				B8EEFD0B28C1DF3C0057990E /* domain.framework in Embed Frameworks */,
				B8EEFD0928C1DF3C0057990E /* data.framework in Embed Frameworks */,
			);
			name = "Embed Frameworks";
			runOnlyForDeploymentPostprocessing = 0;
		};
/* End PBXCopyFilesBuildPhase section */

/* Begin PBXFileReference section */
		B82F76E728CF5A78000FD2BB /* ImageAsset.xcassets */ = {isa = PBXFileReference; lastKnownFileType = folder.assetcatalog; path = ImageAsset.xcassets; sourceTree = "<group>"; };
		B859502128BCADCC0072E95A /* presentation.xcodeproj */ = {isa = PBXFileReference; lastKnownFileType = "wrapper.pb-project"; name = presentation.xcodeproj; path = presentation/presentation.xcodeproj; sourceTree = "<group>"; };
		B859503B28BCADEF0072E95A /* domain.xcodeproj */ = {isa = PBXFileReference; lastKnownFileType = "wrapper.pb-project"; name = domain.xcodeproj; path = domain/domain.xcodeproj; sourceTree = "<group>"; };
		B859505528BCAE000072E95A /* data.xcodeproj */ = {isa = PBXFileReference; lastKnownFileType = "wrapper.pb-project"; name = data.xcodeproj; path = data/data.xcodeproj; sourceTree = "<group>"; };
		B864DBBE28D6100300948E2D /* loading.json */ = {isa = PBXFileReference; fileEncoding = 4; lastKnownFileType = text.json; path = loading.json; sourceTree = "<group>"; };
		B87D575A28D0739900686B90 /* lottie_star.json */ = {isa = PBXFileReference; fileEncoding = 4; lastKnownFileType = text.json; path = lottie_star.json; sourceTree = "<group>"; };
		B87D576E28D0CE7100686B90 /* blank.json */ = {isa = PBXFileReference; fileEncoding = 4; lastKnownFileType = text.json; path = blank.json; sourceTree = "<group>"; };
		B87D577228D0D07B00686B90 /* noFavorites.json */ = {isa = PBXFileReference; fileEncoding = 4; lastKnownFileType = text.json; path = noFavorites.json; sourceTree = "<group>"; };
		B87D577428D0D14600686B90 /* noFavoritesDark.json */ = {isa = PBXFileReference; fileEncoding = 4; lastKnownFileType = text.json; path = noFavoritesDark.json; sourceTree = "<group>"; };
		B8A51ECA28D4829900FFDCED /* search.json */ = {isa = PBXFileReference; fileEncoding = 4; lastKnownFileType = text.json; path = search.json; sourceTree = "<group>"; };
		B8BDD13128BA4CCF006BC557 /* NYT-News.app */ = {isa = PBXFileReference; explicitFileType = wrapper.application; includeInIndex = 0; path = "NYT-News.app"; sourceTree = BUILT_PRODUCTS_DIR; };
		B8BDD13428BA4CCF006BC557 /* AppDelegate.swift */ = {isa = PBXFileReference; lastKnownFileType = sourcecode.swift; path = AppDelegate.swift; sourceTree = "<group>"; };
		B8BDD14028BA4CD0006BC557 /* Base */ = {isa = PBXFileReference; lastKnownFileType = file.storyboard; name = Base; path = Base.lproj/LaunchScreen.storyboard; sourceTree = "<group>"; };
		B8BDD14228BA4CD0006BC557 /* Info.plist */ = {isa = PBXFileReference; lastKnownFileType = text.plist.xml; path = Info.plist; sourceTree = "<group>"; };
		B8C5EB1628D72E60008B617D /* launch.json */ = {isa = PBXFileReference; fileEncoding = 4; lastKnownFileType = text.json; path = launch.json; sourceTree = "<group>"; };
/* End PBXFileReference section */

/* Begin PBXFrameworksBuildPhase section */
		B8BDD12E28BA4CCF006BC557 /* Frameworks */ = {
			isa = PBXFrameworksBuildPhase;
			buildActionMask = 2147483647;
			files = (
				B8EEFD0C28C1DF3C0057990E /* presentation.framework in Frameworks */,
				B8EEFD0A28C1DF3C0057990E /* domain.framework in Frameworks */,
				B8EEFD0828C1DF3C0057990E /* data.framework in Frameworks */,
			);
			runOnlyForDeploymentPostprocessing = 0;
		};
/* End PBXFrameworksBuildPhase section */

/* Begin PBXGroup section */
		B859502228BCADCC0072E95A /* Products */ = {
			isa = PBXGroup;
			children = (
				B859502628BCADCC0072E95A /* presentation.framework */,
			);
			name = Products;
			sourceTree = "<group>";
		};
		B859503C28BCADEF0072E95A /* Products */ = {
			isa = PBXGroup;
			children = (
				B859504028BCADEF0072E95A /* domain.framework */,
			);
			name = Products;
			sourceTree = "<group>";
		};
		B859505628BCAE000072E95A /* Products */ = {
			isa = PBXGroup;
			children = (
				B859505A28BCAE010072E95A /* data.framework */,
				B822718628BF596A006492D1 /* dataTests.xctest */,
			);
			name = Products;
			sourceTree = "<group>";
		};
		B8A51EC528D4825300FFDCED /* Animations */ = {
			isa = PBXGroup;
			children = (
				B864DBBE28D6100300948E2D /* loading.json */,
				B87D575A28D0739900686B90 /* lottie_star.json */,
				B87D577228D0D07B00686B90 /* noFavorites.json */,
				B87D577428D0D14600686B90 /* noFavoritesDark.json */,
				B8A51ECA28D4829900FFDCED /* search.json */,
				B87D576E28D0CE7100686B90 /* blank.json */,
				B8C5EB1628D72E60008B617D /* launch.json */,
			);
			name = Animations;
			sourceTree = "<group>";
		};
		B8BDD12828BA4CCF006BC557 = {
			isa = PBXGroup;
			children = (
				B859502128BCADCC0072E95A /* presentation.xcodeproj */,
				B859503B28BCADEF0072E95A /* domain.xcodeproj */,
				B859505528BCAE000072E95A /* data.xcodeproj */,
				B8BDD13328BA4CCF006BC557 /* NYT-News */,
				B8BDD13228BA4CCF006BC557 /* Products */,
			);
			sourceTree = "<group>";
		};
		B8BDD13228BA4CCF006BC557 /* Products */ = {
			isa = PBXGroup;
			children = (
				B8BDD13128BA4CCF006BC557 /* NYT-News.app */,
			);
			name = Products;
			sourceTree = "<group>";
		};
		B8BDD13328BA4CCF006BC557 /* NYT-News */ = {
			isa = PBXGroup;
			children = (
				B8A51EC528D4825300FFDCED /* Animations */,
				B8BDD13428BA4CCF006BC557 /* AppDelegate.swift */,
				B8BDD14228BA4CD0006BC557 /* Info.plist */,
				B8BDD14928BA4D43006BC557 /* Supporting Files */,
				B82F76E728CF5A78000FD2BB /* ImageAsset.xcassets */,
			);
			path = "NYT-News";
			sourceTree = "<group>";
		};
		B8BDD14928BA4D43006BC557 /* Supporting Files */ = {
			isa = PBXGroup;
			children = (
				B8BDD13F28BA4CD0006BC557 /* LaunchScreen.storyboard */,
			);
			path = "Supporting Files";
			sourceTree = "<group>";
		};
/* End PBXGroup section */

/* Begin PBXNativeTarget section */
		B8BDD13028BA4CCF006BC557 /* NYT-News */ = {
			isa = PBXNativeTarget;
			buildConfigurationList = B8BDD14528BA4CD0006BC557 /* Build configuration list for PBXNativeTarget "NYT-News" */;
			buildPhases = (
				B8BDD12D28BA4CCF006BC557 /* Sources */,
				B8BDD12E28BA4CCF006BC557 /* Frameworks */,
				B8BDD12F28BA4CCF006BC557 /* Resources */,
				B8EEFD0E28C1DF3C0057990E /* Embed Frameworks */,
			);
			buildRules = (
			);
			dependencies = (
			);
			name = "NYT-News";
			productName = "NYT-News";
			productReference = B8BDD13128BA4CCF006BC557 /* NYT-News.app */;
			productType = "com.apple.product-type.application";
		};
/* End PBXNativeTarget section */

/* Begin PBXProject section */
		B8BDD12928BA4CCF006BC557 /* Project object */ = {
			isa = PBXProject;
			attributes = {
				BuildIndependentTargetsInParallel = 1;
				LastSwiftUpdateCheck = 1340;
				LastUpgradeCheck = 1340;
				TargetAttributes = {
					B8BDD13028BA4CCF006BC557 = {
						CreatedOnToolsVersion = 13.4.1;
					};
				};
			};
			buildConfigurationList = B8BDD12C28BA4CCF006BC557 /* Build configuration list for PBXProject "NYT-News" */;
			compatibilityVersion = "Xcode 13.0";
			developmentRegion = en;
			hasScannedForEncodings = 0;
			knownRegions = (
				en,
				Base,
			);
			mainGroup = B8BDD12828BA4CCF006BC557;
			productRefGroup = B8BDD13228BA4CCF006BC557 /* Products */;
			projectDirPath = "";
			projectReferences = (
				{
					ProductGroup = B859505628BCAE000072E95A /* Products */;
					ProjectRef = B859505528BCAE000072E95A /* data.xcodeproj */;
				},
				{
					ProductGroup = B859503C28BCADEF0072E95A /* Products */;
					ProjectRef = B859503B28BCADEF0072E95A /* domain.xcodeproj */;
				},
				{
					ProductGroup = B859502228BCADCC0072E95A /* Products */;
					ProjectRef = B859502128BCADCC0072E95A /* presentation.xcodeproj */;
				},
			);
			projectRoot = "";
			targets = (
				B8BDD13028BA4CCF006BC557 /* NYT-News */,
			);
		};
/* End PBXProject section */

/* Begin PBXReferenceProxy section */
		B822718628BF596A006492D1 /* dataTests.xctest */ = {
			isa = PBXReferenceProxy;
			fileType = wrapper.cfbundle;
			path = dataTests.xctest;
			remoteRef = B822718528BF596A006492D1 /* PBXContainerItemProxy */;
			sourceTree = BUILT_PRODUCTS_DIR;
		};
		B859502628BCADCC0072E95A /* presentation.framework */ = {
			isa = PBXReferenceProxy;
			fileType = wrapper.framework;
			path = presentation.framework;
			remoteRef = B859502528BCADCC0072E95A /* PBXContainerItemProxy */;
			sourceTree = BUILT_PRODUCTS_DIR;
		};
		B859504028BCADEF0072E95A /* domain.framework */ = {
			isa = PBXReferenceProxy;
			fileType = wrapper.framework;
			path = domain.framework;
			remoteRef = B859503F28BCADEF0072E95A /* PBXContainerItemProxy */;
			sourceTree = BUILT_PRODUCTS_DIR;
		};
		B859505A28BCAE010072E95A /* data.framework */ = {
			isa = PBXReferenceProxy;
			fileType = wrapper.framework;
			path = data.framework;
			remoteRef = B859505928BCAE010072E95A /* PBXContainerItemProxy */;
			sourceTree = BUILT_PRODUCTS_DIR;
		};
/* End PBXReferenceProxy section */

/* Begin PBXResourcesBuildPhase section */
		B8BDD12F28BA4CCF006BC557 /* Resources */ = {
			isa = PBXResourcesBuildPhase;
			buildActionMask = 2147483647;
			files = (
				B87D576F28D0CE7200686B90 /* blank.json in Resources */,
				B82F76E828CF5A78000FD2BB /* ImageAsset.xcassets in Resources */,
				B864DBBF28D6100300948E2D /* loading.json in Resources */,
				B8A51ECB28D4829900FFDCED /* search.json in Resources */,
				B8C5EB1B28D72E61008B617D /* launch.json in Resources */,
				B87D577528D0D14700686B90 /* noFavoritesDark.json in Resources */,
				B8BDD14128BA4CD0006BC557 /* LaunchScreen.storyboard in Resources */,
				B87D577328D0D07B00686B90 /* noFavorites.json in Resources */,
				B87D575F28D0739900686B90 /* lottie_star.json in Resources */,
			);
			runOnlyForDeploymentPostprocessing = 0;
		};
/* End PBXResourcesBuildPhase section */

/* Begin PBXSourcesBuildPhase section */
		B8BDD12D28BA4CCF006BC557 /* Sources */ = {
			isa = PBXSourcesBuildPhase;
			buildActionMask = 2147483647;
			files = (
				B8BDD13528BA4CCF006BC557 /* AppDelegate.swift in Sources */,
			);
			runOnlyForDeploymentPostprocessing = 0;
		};
/* End PBXSourcesBuildPhase section */

/* Begin PBXVariantGroup section */
		B8BDD13F28BA4CD0006BC557 /* LaunchScreen.storyboard */ = {
			isa = PBXVariantGroup;
			children = (
				B8BDD14028BA4CD0006BC557 /* Base */,
			);
			name = LaunchScreen.storyboard;
			sourceTree = "<group>";
		};
/* End PBXVariantGroup section */

/* Begin XCBuildConfiguration section */
		B8BDD14328BA4CD0006BC557 /* Debug */ = {
			isa = XCBuildConfiguration;
			buildSettings = {
				ALWAYS_SEARCH_USER_PATHS = NO;
				CLANG_ANALYZER_NONNULL = YES;
				CLANG_ANALYZER_NUMBER_OBJECT_CONVERSION = YES_AGGRESSIVE;
				CLANG_CXX_LANGUAGE_STANDARD = "gnu++17";
				CLANG_ENABLE_MODULES = YES;
				CLANG_ENABLE_OBJC_ARC = YES;
				CLANG_ENABLE_OBJC_WEAK = YES;
				CLANG_WARN_BLOCK_CAPTURE_AUTORELEASING = YES;
				CLANG_WARN_BOOL_CONVERSION = YES;
				CLANG_WARN_COMMA = YES;
				CLANG_WARN_CONSTANT_CONVERSION = YES;
				CLANG_WARN_DEPRECATED_OBJC_IMPLEMENTATIONS = YES;
				CLANG_WARN_DIRECT_OBJC_ISA_USAGE = YES_ERROR;
				CLANG_WARN_DOCUMENTATION_COMMENTS = YES;
				CLANG_WARN_EMPTY_BODY = YES;
				CLANG_WARN_ENUM_CONVERSION = YES;
				CLANG_WARN_INFINITE_RECURSION = YES;
				CLANG_WARN_INT_CONVERSION = YES;
				CLANG_WARN_NON_LITERAL_NULL_CONVERSION = YES;
				CLANG_WARN_OBJC_IMPLICIT_RETAIN_SELF = YES;
				CLANG_WARN_OBJC_LITERAL_CONVERSION = YES;
				CLANG_WARN_OBJC_ROOT_CLASS = YES_ERROR;
				CLANG_WARN_QUOTED_INCLUDE_IN_FRAMEWORK_HEADER = YES;
				CLANG_WARN_RANGE_LOOP_ANALYSIS = YES;
				CLANG_WARN_STRICT_PROTOTYPES = YES;
				CLANG_WARN_SUSPICIOUS_MOVE = YES;
				CLANG_WARN_UNGUARDED_AVAILABILITY = YES_AGGRESSIVE;
				CLANG_WARN_UNREACHABLE_CODE = YES;
				CLANG_WARN__DUPLICATE_METHOD_MATCH = YES;
				COPY_PHASE_STRIP = NO;
				DEBUG_INFORMATION_FORMAT = dwarf;
				ENABLE_STRICT_OBJC_MSGSEND = YES;
				ENABLE_TESTABILITY = YES;
				GCC_C_LANGUAGE_STANDARD = gnu11;
				GCC_DYNAMIC_NO_PIC = NO;
				GCC_NO_COMMON_BLOCKS = YES;
				GCC_OPTIMIZATION_LEVEL = 0;
				GCC_PREPROCESSOR_DEFINITIONS = (
					"DEBUG=1",
					"$(inherited)",
				);
				GCC_WARN_64_TO_32_BIT_CONVERSION = YES;
				GCC_WARN_ABOUT_RETURN_TYPE = YES_ERROR;
				GCC_WARN_UNDECLARED_SELECTOR = YES;
				GCC_WARN_UNINITIALIZED_AUTOS = YES_AGGRESSIVE;
				GCC_WARN_UNUSED_FUNCTION = YES;
				GCC_WARN_UNUSED_VARIABLE = YES;
				IPHONEOS_DEPLOYMENT_TARGET = 15.5;
				MTL_ENABLE_DEBUG_INFO = INCLUDE_SOURCE;
				MTL_FAST_MATH = YES;
				ONLY_ACTIVE_ARCH = YES;
				SDKROOT = iphoneos;
				SWIFT_ACTIVE_COMPILATION_CONDITIONS = DEBUG;
				SWIFT_OPTIMIZATION_LEVEL = "-Onone";
			};
			name = Debug;
		};
		B8BDD14428BA4CD0006BC557 /* Release */ = {
			isa = XCBuildConfiguration;
			buildSettings = {
				ALWAYS_SEARCH_USER_PATHS = NO;
				CLANG_ANALYZER_NONNULL = YES;
				CLANG_ANALYZER_NUMBER_OBJECT_CONVERSION = YES_AGGRESSIVE;
				CLANG_CXX_LANGUAGE_STANDARD = "gnu++17";
				CLANG_ENABLE_MODULES = YES;
				CLANG_ENABLE_OBJC_ARC = YES;
				CLANG_ENABLE_OBJC_WEAK = YES;
				CLANG_WARN_BLOCK_CAPTURE_AUTORELEASING = YES;
				CLANG_WARN_BOOL_CONVERSION = YES;
				CLANG_WARN_COMMA = YES;
				CLANG_WARN_CONSTANT_CONVERSION = YES;
				CLANG_WARN_DEPRECATED_OBJC_IMPLEMENTATIONS = YES;
				CLANG_WARN_DIRECT_OBJC_ISA_USAGE = YES_ERROR;
				CLANG_WARN_DOCUMENTATION_COMMENTS = YES;
				CLANG_WARN_EMPTY_BODY = YES;
				CLANG_WARN_ENUM_CONVERSION = YES;
				CLANG_WARN_INFINITE_RECURSION = YES;
				CLANG_WARN_INT_CONVERSION = YES;
				CLANG_WARN_NON_LITERAL_NULL_CONVERSION = YES;
				CLANG_WARN_OBJC_IMPLICIT_RETAIN_SELF = YES;
				CLANG_WARN_OBJC_LITERAL_CONVERSION = YES;
				CLANG_WARN_OBJC_ROOT_CLASS = YES_ERROR;
				CLANG_WARN_QUOTED_INCLUDE_IN_FRAMEWORK_HEADER = YES;
				CLANG_WARN_RANGE_LOOP_ANALYSIS = YES;
				CLANG_WARN_STRICT_PROTOTYPES = YES;
				CLANG_WARN_SUSPICIOUS_MOVE = YES;
				CLANG_WARN_UNGUARDED_AVAILABILITY = YES_AGGRESSIVE;
				CLANG_WARN_UNREACHABLE_CODE = YES;
				CLANG_WARN__DUPLICATE_METHOD_MATCH = YES;
				COPY_PHASE_STRIP = NO;
				DEBUG_INFORMATION_FORMAT = "dwarf-with-dsym";
				ENABLE_NS_ASSERTIONS = NO;
				ENABLE_STRICT_OBJC_MSGSEND = YES;
				GCC_C_LANGUAGE_STANDARD = gnu11;
				GCC_NO_COMMON_BLOCKS = YES;
				GCC_WARN_64_TO_32_BIT_CONVERSION = YES;
				GCC_WARN_ABOUT_RETURN_TYPE = YES_ERROR;
				GCC_WARN_UNDECLARED_SELECTOR = YES;
				GCC_WARN_UNINITIALIZED_AUTOS = YES_AGGRESSIVE;
				GCC_WARN_UNUSED_FUNCTION = YES;
				GCC_WARN_UNUSED_VARIABLE = YES;
				IPHONEOS_DEPLOYMENT_TARGET = 15.5;
				MTL_ENABLE_DEBUG_INFO = NO;
				MTL_FAST_MATH = YES;
				SDKROOT = iphoneos;
				SWIFT_COMPILATION_MODE = wholemodule;
				SWIFT_OPTIMIZATION_LEVEL = "-O";
				VALIDATE_PRODUCT = YES;
			};
			name = Release;
		};
		B8BDD14628BA4CD0006BC557 /* Debug */ = {
			isa = XCBuildConfiguration;
			buildSettings = {
				ASSETCATALOG_COMPILER_APPICON_NAME = AppIcon;
				ASSETCATALOG_COMPILER_GLOBAL_ACCENT_COLOR_NAME = AccentColor;
				ASSETCATALOG_COMPILER_INCLUDE_ALL_APPICON_ASSETS = NO;
				CODE_SIGN_STYLE = Automatic;
				CURRENT_PROJECT_VERSION = 1;
				DEVELOPMENT_TEAM = U243U99T75;
				GENERATE_INFOPLIST_FILE = YES;
				INFOPLIST_FILE = "NYT-News/Info.plist";
				INFOPLIST_KEY_UIApplicationSupportsIndirectInputEvents = YES;
				INFOPLIST_KEY_UILaunchStoryboardName = LaunchScreen;
				INFOPLIST_KEY_UISupportedInterfaceOrientations = UIInterfaceOrientationPortrait;
				INFOPLIST_KEY_UISupportedInterfaceOrientations_iPad = "UIInterfaceOrientationPortrait UIInterfaceOrientationPortraitUpsideDown UIInterfaceOrientationLandscapeLeft UIInterfaceOrientationLandscapeRight";
				INFOPLIST_KEY_UISupportedInterfaceOrientations_iPhone = "UIInterfaceOrientationPortrait UIInterfaceOrientationLandscapeLeft UIInterfaceOrientationLandscapeRight";
				IPHONEOS_DEPLOYMENT_TARGET = 14.0;
				LD_RUNPATH_SEARCH_PATHS = (
					"$(inherited)",
					"@executable_path/Frameworks",
				);
				MARKETING_VERSION = 1.0;
				PRODUCT_BUNDLE_IDENTIFIER = "com.nihatismayilov.NYT-News";
				PRODUCT_NAME = "$(TARGET_NAME)";
				SWIFT_EMIT_LOC_STRINGS = YES;
				SWIFT_VERSION = 5.0;
				TARGETED_DEVICE_FAMILY = 1;
			};
			name = Debug;
		};
		B8BDD14728BA4CD0006BC557 /* Release */ = {
			isa = XCBuildConfiguration;
			buildSettings = {
				ASSETCATALOG_COMPILER_APPICON_NAME = AppIcon;
				ASSETCATALOG_COMPILER_GLOBAL_ACCENT_COLOR_NAME = AccentColor;
				ASSETCATALOG_COMPILER_INCLUDE_ALL_APPICON_ASSETS = NO;
				CODE_SIGN_STYLE = Automatic;
				CURRENT_PROJECT_VERSION = 1;
				DEVELOPMENT_TEAM = U243U99T75;
				GENERATE_INFOPLIST_FILE = YES;
				INFOPLIST_FILE = "NYT-News/Info.plist";
				INFOPLIST_KEY_UIApplicationSupportsIndirectInputEvents = YES;
				INFOPLIST_KEY_UILaunchStoryboardName = LaunchScreen;
				INFOPLIST_KEY_UISupportedInterfaceOrientations = UIInterfaceOrientationPortrait;
				INFOPLIST_KEY_UISupportedInterfaceOrientations_iPad = "UIInterfaceOrientationPortrait UIInterfaceOrientationPortraitUpsideDown UIInterfaceOrientationLandscapeLeft UIInterfaceOrientationLandscapeRight";
				INFOPLIST_KEY_UISupportedInterfaceOrientations_iPhone = "UIInterfaceOrientationPortrait UIInterfaceOrientationLandscapeLeft UIInterfaceOrientationLandscapeRight";
				IPHONEOS_DEPLOYMENT_TARGET = 14.0;
				LD_RUNPATH_SEARCH_PATHS = (
					"$(inherited)",
					"@executable_path/Frameworks",
				);
				MARKETING_VERSION = 1.0;
				PRODUCT_BUNDLE_IDENTIFIER = "com.nihatismayilov.NYT-News";
				PRODUCT_NAME = "$(TARGET_NAME)";
				SWIFT_EMIT_LOC_STRINGS = YES;
				SWIFT_VERSION = 5.0;
				TARGETED_DEVICE_FAMILY = 1;
			};
			name = Release;
		};
/* End XCBuildConfiguration section */

/* Begin XCConfigurationList section */
		B8BDD12C28BA4CCF006BC557 /* Build configuration list for PBXProject "NYT-News" */ = {
			isa = XCConfigurationList;
			buildConfigurations = (
				B8BDD14328BA4CD0006BC557 /* Debug */,
				B8BDD14428BA4CD0006BC557 /* Release */,
			);
			defaultConfigurationIsVisible = 0;
			defaultConfigurationName = Release;
		};
		B8BDD14528BA4CD0006BC557 /* Build configuration list for PBXNativeTarget "NYT-News" */ = {
			isa = XCConfigurationList;
			buildConfigurations = (
				B8BDD14628BA4CD0006BC557 /* Debug */,
				B8BDD14728BA4CD0006BC557 /* Release */,
			);
			defaultConfigurationIsVisible = 0;
			defaultConfigurationName = Release;
		};
/* End XCConfigurationList section */
	};
	rootObject = B8BDD12928BA4CCF006BC557 /* Project object */;
}
