// !$*UTF8*$!
{
	archiveVersion = 1;
	classes = {
	};
	objectVersion = 55;
	objects = {

/* Begin PBXBuildFile section */
		B825C9C928BE585500452978 /* dataTests.swift in Sources */ = {isa = PBXBuildFile; fileRef = B825C9C828BE585500452978 /* dataTests.swift */; };
		B825C9CA28BE585500452978 /* data.framework in Frameworks */ = {isa = PBXBuildFile; fileRef = B859504B28BCAE000072E95A /* data.framework */; };
		B859504F28BCAE000072E95A /* data.h in Headers */ = {isa = PBXBuildFile; fileRef = B859504E28BCAE000072E95A /* data.h */; settings = {ATTRIBUTES = (Public, ); }; };
		B859506028BCAEA50072E95A /* Alamofire in Frameworks */ = {isa = PBXBuildFile; productRef = B859505F28BCAEA50072E95A /* Alamofire */; };
		B872184F28CFB4C1006E81D2 /* SearchNewsResponseDTO.swift in Sources */ = {isa = PBXBuildFile; fileRef = B872184E28CFB4C1006E81D2 /* SearchNewsResponseDTO.swift */; };
		B872185228CFB7F3006E81D2 /* SearchNewsRemoteDataSource.swift in Sources */ = {isa = PBXBuildFile; fileRef = B872185128CFB7F3006E81D2 /* SearchNewsRemoteDataSource.swift */; };
		B872185428CFB804006E81D2 /* SearchNewsRemoteDataSourceProtocol.swift in Sources */ = {isa = PBXBuildFile; fileRef = B872185328CFB804006E81D2 /* SearchNewsRemoteDataSourceProtocol.swift */; };
		B872185628CFB99E006E81D2 /* SearchNewsRepo.swift in Sources */ = {isa = PBXBuildFile; fileRef = B872185528CFB99E006E81D2 /* SearchNewsRepo.swift */; };
		B8AD6A4C28CE560B009A660C /* CategorizedNewsRemoteDataSource.swift in Sources */ = {isa = PBXBuildFile; fileRef = B8AD6A4B28CE560B009A660C /* CategorizedNewsRemoteDataSource.swift */; };
		B8AD6A4E28CE562A009A660C /* CategorizedNewsRemoteDataSourceProtocol.swift in Sources */ = {isa = PBXBuildFile; fileRef = B8AD6A4D28CE562A009A660C /* CategorizedNewsRemoteDataSourceProtocol.swift */; };
		B8AD6A5128CE568C009A660C /* CategorizedNewsResponseDTO.swift in Sources */ = {isa = PBXBuildFile; fileRef = B8AD6A5028CE568C009A660C /* CategorizedNewsResponseDTO.swift */; };
		B8AD6A5328CE581F009A660C /* CategorizedNewsRepo.swift in Sources */ = {isa = PBXBuildFile; fileRef = B8AD6A5228CE581F009A660C /* CategorizedNewsRepo.swift */; };
		B8B5893C28C62FA2007C822F /* Endpoint.swift in Sources */ = {isa = PBXBuildFile; fileRef = B8B5893B28C62FA2007C822F /* Endpoint.swift */; };
		B8B5893F28C62FE8007C822F /* DataAssembly.swift in Sources */ = {isa = PBXBuildFile; fileRef = B8B5893E28C62FE8007C822F /* DataAssembly.swift */; };
		B8B5894428C63093007C822F /* PopularNewsRemoteDataSourceProtocol.swift in Sources */ = {isa = PBXBuildFile; fileRef = B8B5894328C63093007C822F /* PopularNewsRemoteDataSourceProtocol.swift */; };
		B8B5894828C63109007C822F /* PopularNewsResponseDTO.swift in Sources */ = {isa = PBXBuildFile; fileRef = B8B5894728C63109007C822F /* PopularNewsResponseDTO.swift */; };
		B8B5894A28C633E4007C822F /* PopularNewsRemoteDataSource.swift in Sources */ = {isa = PBXBuildFile; fileRef = B8B5894928C633E4007C822F /* PopularNewsRemoteDataSource.swift */; };
		B8B5894D28C6359B007C822F /* Mapper.swift in Sources */ = {isa = PBXBuildFile; fileRef = B8B5894C28C6359B007C822F /* Mapper.swift */; };
		B8B5895328C6779E007C822F /* PopularNewsRepo.swift in Sources */ = {isa = PBXBuildFile; fileRef = B8B5895228C6779E007C822F /* PopularNewsRepo.swift */; };
		B8EEFD1628C1E0520057990E /* domain.framework in Frameworks */ = {isa = PBXBuildFile; fileRef = B8EEFD1528C1E0520057990E /* domain.framework */; };
		B8EEFD1728C1E0520057990E /* domain.framework in Embed Frameworks */ = {isa = PBXBuildFile; fileRef = B8EEFD1528C1E0520057990E /* domain.framework */; settings = {ATTRIBUTES = (CodeSignOnCopy, RemoveHeadersOnCopy, ); }; };
		B8EEFD2428C1E32F0057990E /* RealmSwift in Frameworks */ = {isa = PBXBuildFile; productRef = B8EEFD2328C1E32F0057990E /* RealmSwift */; };
/* End PBXBuildFile section */

/* Begin PBXContainerItemProxy section */
		B825C9CB28BE585500452978 /* PBXContainerItemProxy */ = {
			isa = PBXContainerItemProxy;
			containerPortal = B859504228BCAE000072E95A /* Project object */;
			proxyType = 1;
			remoteGlobalIDString = B859504A28BCAE000072E95A;
			remoteInfo = data;
		};
/* End PBXContainerItemProxy section */

/* Begin PBXCopyFilesBuildPhase section */
		B8EEFD1828C1E0520057990E /* Embed Frameworks */ = {
			isa = PBXCopyFilesBuildPhase;
			buildActionMask = 2147483647;
			dstPath = "";
			dstSubfolderSpec = 10;
			files = (
				B8EEFD1728C1E0520057990E /* domain.framework in Embed Frameworks */,
			);
			name = "Embed Frameworks";
			runOnlyForDeploymentPostprocessing = 0;
		};
/* End PBXCopyFilesBuildPhase section */

/* Begin PBXFileReference section */
		B825C9C628BE585500452978 /* dataTests.xctest */ = {isa = PBXFileReference; explicitFileType = wrapper.cfbundle; includeInIndex = 0; path = dataTests.xctest; sourceTree = BUILT_PRODUCTS_DIR; };
		B825C9C828BE585500452978 /* dataTests.swift */ = {isa = PBXFileReference; lastKnownFileType = sourcecode.swift; path = dataTests.swift; sourceTree = "<group>"; };
		B859504B28BCAE000072E95A /* data.framework */ = {isa = PBXFileReference; explicitFileType = wrapper.framework; includeInIndex = 0; path = data.framework; sourceTree = BUILT_PRODUCTS_DIR; };
		B859504E28BCAE000072E95A /* data.h */ = {isa = PBXFileReference; lastKnownFileType = sourcecode.c.h; path = data.h; sourceTree = "<group>"; };
		B872184E28CFB4C1006E81D2 /* SearchNewsResponseDTO.swift */ = {isa = PBXFileReference; lastKnownFileType = sourcecode.swift; path = SearchNewsResponseDTO.swift; sourceTree = "<group>"; };
		B872185128CFB7F3006E81D2 /* SearchNewsRemoteDataSource.swift */ = {isa = PBXFileReference; lastKnownFileType = sourcecode.swift; path = SearchNewsRemoteDataSource.swift; sourceTree = "<group>"; };
		B872185328CFB804006E81D2 /* SearchNewsRemoteDataSourceProtocol.swift */ = {isa = PBXFileReference; lastKnownFileType = sourcecode.swift; path = SearchNewsRemoteDataSourceProtocol.swift; sourceTree = "<group>"; };
		B872185528CFB99E006E81D2 /* SearchNewsRepo.swift */ = {isa = PBXFileReference; lastKnownFileType = sourcecode.swift; path = SearchNewsRepo.swift; sourceTree = "<group>"; };
		B8AD6A4B28CE560B009A660C /* CategorizedNewsRemoteDataSource.swift */ = {isa = PBXFileReference; lastKnownFileType = sourcecode.swift; path = CategorizedNewsRemoteDataSource.swift; sourceTree = "<group>"; };
		B8AD6A4D28CE562A009A660C /* CategorizedNewsRemoteDataSourceProtocol.swift */ = {isa = PBXFileReference; lastKnownFileType = sourcecode.swift; path = CategorizedNewsRemoteDataSourceProtocol.swift; sourceTree = "<group>"; };
		B8AD6A5028CE568C009A660C /* CategorizedNewsResponseDTO.swift */ = {isa = PBXFileReference; lastKnownFileType = sourcecode.swift; path = CategorizedNewsResponseDTO.swift; sourceTree = "<group>"; };
		B8AD6A5228CE581F009A660C /* CategorizedNewsRepo.swift */ = {isa = PBXFileReference; lastKnownFileType = sourcecode.swift; path = CategorizedNewsRepo.swift; sourceTree = "<group>"; };
		B8B5893B28C62FA2007C822F /* Endpoint.swift */ = {isa = PBXFileReference; lastKnownFileType = sourcecode.swift; path = Endpoint.swift; sourceTree = "<group>"; };
		B8B5893E28C62FE8007C822F /* DataAssembly.swift */ = {isa = PBXFileReference; lastKnownFileType = sourcecode.swift; path = DataAssembly.swift; sourceTree = "<group>"; };
		B8B5894328C63093007C822F /* PopularNewsRemoteDataSourceProtocol.swift */ = {isa = PBXFileReference; lastKnownFileType = sourcecode.swift; path = PopularNewsRemoteDataSourceProtocol.swift; sourceTree = "<group>"; };
		B8B5894728C63109007C822F /* PopularNewsResponseDTO.swift */ = {isa = PBXFileReference; lastKnownFileType = sourcecode.swift; path = PopularNewsResponseDTO.swift; sourceTree = "<group>"; };
		B8B5894928C633E4007C822F /* PopularNewsRemoteDataSource.swift */ = {isa = PBXFileReference; lastKnownFileType = sourcecode.swift; path = PopularNewsRemoteDataSource.swift; sourceTree = "<group>"; };
		B8B5894C28C6359B007C822F /* Mapper.swift */ = {isa = PBXFileReference; lastKnownFileType = sourcecode.swift; path = Mapper.swift; sourceTree = "<group>"; };
		B8B5895228C6779E007C822F /* PopularNewsRepo.swift */ = {isa = PBXFileReference; lastKnownFileType = sourcecode.swift; path = PopularNewsRepo.swift; sourceTree = "<group>"; };
		B8EEFD1528C1E0520057990E /* domain.framework */ = {isa = PBXFileReference; explicitFileType = wrapper.framework; path = domain.framework; sourceTree = BUILT_PRODUCTS_DIR; };
/* End PBXFileReference section */

/* Begin PBXFrameworksBuildPhase section */
		B825C9C328BE585500452978 /* Frameworks */ = {
			isa = PBXFrameworksBuildPhase;
			buildActionMask = 2147483647;
			files = (
				B825C9CA28BE585500452978 /* data.framework in Frameworks */,
			);
			runOnlyForDeploymentPostprocessing = 0;
		};
		B859504828BCAE000072E95A /* Frameworks */ = {
			isa = PBXFrameworksBuildPhase;
			buildActionMask = 2147483647;
			files = (
				B8EEFD2428C1E32F0057990E /* RealmSwift in Frameworks */,
				B8EEFD1628C1E0520057990E /* domain.framework in Frameworks */,
				B859506028BCAEA50072E95A /* Alamofire in Frameworks */,
			);
			runOnlyForDeploymentPostprocessing = 0;
		};
/* End PBXFrameworksBuildPhase section */

/* Begin PBXGroup section */
		B825C9C728BE585500452978 /* dataTests */ = {
			isa = PBXGroup;
			children = (
				B825C9C828BE585500452978 /* dataTests.swift */,
			);
			path = dataTests;
			sourceTree = "<group>";
		};
		B859504128BCAE000072E95A = {
			isa = PBXGroup;
			children = (
				B859504D28BCAE000072E95A /* data */,
				B825C9C728BE585500452978 /* dataTests */,
				B859504C28BCAE000072E95A /* Products */,
				B8EEFD1428C1E0520057990E /* Frameworks */,
			);
			sourceTree = "<group>";
		};
		B859504C28BCAE000072E95A /* Products */ = {
			isa = PBXGroup;
			children = (
				B859504B28BCAE000072E95A /* data.framework */,
				B825C9C628BE585500452978 /* dataTests.xctest */,
			);
			name = Products;
			sourceTree = "<group>";
		};
		B859504D28BCAE000072E95A /* data */ = {
			isa = PBXGroup;
			children = (
				B8B5895128C6778E007C822F /* Repositories */,
				B8B5894B28C6358F007C822F /* Mapper */,
				B8B5894528C630E4007C822F /* DTOs */,
				B8B5894128C6305E007C822F /* Remote */,
				B8B5893D28C62FDD007C822F /* DI */,
				B8B5893A28C62F93007C822F /* Global */,
				B859504E28BCAE000072E95A /* data.h */,
			);
			path = data;
			sourceTree = "<group>";
		};
		B872184D28CFB4AA006E81D2 /* SearchNews */ = {
			isa = PBXGroup;
			children = (
				B872184E28CFB4C1006E81D2 /* SearchNewsResponseDTO.swift */,
			);
			name = SearchNews;
			sourceTree = "<group>";
		};
		B872185028CFB7E0006E81D2 /* SearchNews */ = {
			isa = PBXGroup;
			children = (
				B872185328CFB804006E81D2 /* SearchNewsRemoteDataSourceProtocol.swift */,
				B872185128CFB7F3006E81D2 /* SearchNewsRemoteDataSource.swift */,
			);
			name = SearchNews;
			sourceTree = "<group>";
		};
		B8AD6A4A28CE55F9009A660C /* CategorizedNews */ = {
			isa = PBXGroup;
			children = (
				B8AD6A4D28CE562A009A660C /* CategorizedNewsRemoteDataSourceProtocol.swift */,
				B8AD6A4B28CE560B009A660C /* CategorizedNewsRemoteDataSource.swift */,
			);
			name = CategorizedNews;
			sourceTree = "<group>";
		};
		B8AD6A4F28CE5676009A660C /* CategorizedNews */ = {
			isa = PBXGroup;
			children = (
				B8AD6A5028CE568C009A660C /* CategorizedNewsResponseDTO.swift */,
			);
			path = CategorizedNews;
			sourceTree = "<group>";
		};
		B8B5893A28C62F93007C822F /* Global */ = {
			isa = PBXGroup;
			children = (
				B8B5893B28C62FA2007C822F /* Endpoint.swift */,
			);
			name = Global;
			sourceTree = "<group>";
		};
		B8B5893D28C62FDD007C822F /* DI */ = {
			isa = PBXGroup;
			children = (
				B8B5893E28C62FE8007C822F /* DataAssembly.swift */,
			);
			path = DI;
			sourceTree = "<group>";
		};
		B8B5894128C6305E007C822F /* Remote */ = {
			isa = PBXGroup;
			children = (
				B8B5894228C63077007C822F /* PopularNews */,
				B8AD6A4A28CE55F9009A660C /* CategorizedNews */,
				B872185028CFB7E0006E81D2 /* SearchNews */,
			);
			name = Remote;
			sourceTree = "<group>";
		};
		B8B5894228C63077007C822F /* PopularNews */ = {
			isa = PBXGroup;
			children = (
				B8B5894328C63093007C822F /* PopularNewsRemoteDataSourceProtocol.swift */,
				B8B5894928C633E4007C822F /* PopularNewsRemoteDataSource.swift */,
			);
			path = PopularNews;
			sourceTree = "<group>";
		};
		B8B5894528C630E4007C822F /* DTOs */ = {
			isa = PBXGroup;
			children = (
				B8B5894628C630F2007C822F /* PopularNews */,
				B8AD6A4F28CE5676009A660C /* CategorizedNews */,
				B872184D28CFB4AA006E81D2 /* SearchNews */,
			);
			path = DTOs;
			sourceTree = "<group>";
		};
		B8B5894628C630F2007C822F /* PopularNews */ = {
			isa = PBXGroup;
			children = (
				B8B5894728C63109007C822F /* PopularNewsResponseDTO.swift */,
			);
			name = PopularNews;
			sourceTree = "<group>";
		};
		B8B5894B28C6358F007C822F /* Mapper */ = {
			isa = PBXGroup;
			children = (
				B8B5894C28C6359B007C822F /* Mapper.swift */,
			);
			name = Mapper;
			sourceTree = "<group>";
		};
		B8B5895128C6778E007C822F /* Repositories */ = {
			isa = PBXGroup;
			children = (
				B8B5895228C6779E007C822F /* PopularNewsRepo.swift */,
				B8AD6A5228CE581F009A660C /* CategorizedNewsRepo.swift */,
				B872185528CFB99E006E81D2 /* SearchNewsRepo.swift */,
			);
			path = Repositories;
			sourceTree = "<group>";
		};
		B8EEFD1428C1E0520057990E /* Frameworks */ = {
			isa = PBXGroup;
			children = (
				B8EEFD1528C1E0520057990E /* domain.framework */,
			);
			name = Frameworks;
			sourceTree = "<group>";
		};
/* End PBXGroup section */

/* Begin PBXHeadersBuildPhase section */
		B859504628BCAE000072E95A /* Headers */ = {
			isa = PBXHeadersBuildPhase;
			buildActionMask = 2147483647;
			files = (
				B859504F28BCAE000072E95A /* data.h in Headers */,
			);
			runOnlyForDeploymentPostprocessing = 0;
		};
/* End PBXHeadersBuildPhase section */

/* Begin PBXNativeTarget section */
		B825C9C528BE585500452978 /* dataTests */ = {
			isa = PBXNativeTarget;
			buildConfigurationList = B825C9CF28BE585500452978 /* Build configuration list for PBXNativeTarget "dataTests" */;
			buildPhases = (
				B825C9C228BE585500452978 /* Sources */,
				B825C9C328BE585500452978 /* Frameworks */,
				B825C9C428BE585500452978 /* Resources */,
			);
			buildRules = (
			);
			dependencies = (
				B825C9CC28BE585500452978 /* PBXTargetDependency */,
			);
			name = dataTests;
			productName = dataTests;
			productReference = B825C9C628BE585500452978 /* dataTests.xctest */;
			productType = "com.apple.product-type.bundle.unit-test";
		};
		B859504A28BCAE000072E95A /* data */ = {
			isa = PBXNativeTarget;
			buildConfigurationList = B859505228BCAE000072E95A /* Build configuration list for PBXNativeTarget "data" */;
			buildPhases = (
				B859504628BCAE000072E95A /* Headers */,
				B859504728BCAE000072E95A /* Sources */,
				B859504828BCAE000072E95A /* Frameworks */,
				B859504928BCAE000072E95A /* Resources */,
				B8EEFD1828C1E0520057990E /* Embed Frameworks */,
			);
			buildRules = (
			);
			dependencies = (
			);
			name = data;
			packageProductDependencies = (
				B859505F28BCAEA50072E95A /* Alamofire */,
				B8EEFD2328C1E32F0057990E /* RealmSwift */,
			);
			productName = data;
			productReference = B859504B28BCAE000072E95A /* data.framework */;
			productType = "com.apple.product-type.framework";
		};
/* End PBXNativeTarget section */

/* Begin PBXProject section */
		B859504228BCAE000072E95A /* Project object */ = {
			isa = PBXProject;
			attributes = {
				BuildIndependentTargetsInParallel = 1;
				LastSwiftUpdateCheck = 1340;
				LastUpgradeCheck = 1340;
				TargetAttributes = {
					B825C9C528BE585500452978 = {
						CreatedOnToolsVersion = 13.4.1;
					};
					B859504A28BCAE000072E95A = {
						CreatedOnToolsVersion = 13.4.1;
						LastSwiftMigration = 1340;
					};
				};
			};
			buildConfigurationList = B859504528BCAE000072E95A /* Build configuration list for PBXProject "data" */;
			compatibilityVersion = "Xcode 13.0";
			developmentRegion = en;
			hasScannedForEncodings = 0;
			knownRegions = (
				en,
				Base,
			);
			mainGroup = B859504128BCAE000072E95A;
			packageReferences = (
				B859505E28BCAEA50072E95A /* XCRemoteSwiftPackageReference "Alamofire" */,
				B8EEFD2228C1E32F0057990E /* XCRemoteSwiftPackageReference "realm-swift" */,
			);
			productRefGroup = B859504C28BCAE000072E95A /* Products */;
			projectDirPath = "";
			projectRoot = "";
			targets = (
				B859504A28BCAE000072E95A /* data */,
				B825C9C528BE585500452978 /* dataTests */,
			);
		};
/* End PBXProject section */

/* Begin PBXResourcesBuildPhase section */
		B825C9C428BE585500452978 /* Resources */ = {
			isa = PBXResourcesBuildPhase;
			buildActionMask = 2147483647;
			files = (
			);
			runOnlyForDeploymentPostprocessing = 0;
		};
		B859504928BCAE000072E95A /* Resources */ = {
			isa = PBXResourcesBuildPhase;
			buildActionMask = 2147483647;
			files = (
			);
			runOnlyForDeploymentPostprocessing = 0;
		};
/* End PBXResourcesBuildPhase section */

/* Begin PBXSourcesBuildPhase section */
		B825C9C228BE585500452978 /* Sources */ = {
			isa = PBXSourcesBuildPhase;
			buildActionMask = 2147483647;
			files = (
				B825C9C928BE585500452978 /* dataTests.swift in Sources */,
			);
			runOnlyForDeploymentPostprocessing = 0;
		};
		B859504728BCAE000072E95A /* Sources */ = {
			isa = PBXSourcesBuildPhase;
			buildActionMask = 2147483647;
			files = (
				B8B5893C28C62FA2007C822F /* Endpoint.swift in Sources */,
				B872185228CFB7F3006E81D2 /* SearchNewsRemoteDataSource.swift in Sources */,
				B8B5894828C63109007C822F /* PopularNewsResponseDTO.swift in Sources */,
				B8B5894428C63093007C822F /* PopularNewsRemoteDataSourceProtocol.swift in Sources */,
				B872184F28CFB4C1006E81D2 /* SearchNewsResponseDTO.swift in Sources */,
				B8B5894A28C633E4007C822F /* PopularNewsRemoteDataSource.swift in Sources */,
				B8B5895328C6779E007C822F /* PopularNewsRepo.swift in Sources */,
				B8B5894D28C6359B007C822F /* Mapper.swift in Sources */,
				B8AD6A5128CE568C009A660C /* CategorizedNewsResponseDTO.swift in Sources */,
				B872185628CFB99E006E81D2 /* SearchNewsRepo.swift in Sources */,
				B8AD6A4E28CE562A009A660C /* CategorizedNewsRemoteDataSourceProtocol.swift in Sources */,
				B8AD6A5328CE581F009A660C /* CategorizedNewsRepo.swift in Sources */,
				B872185428CFB804006E81D2 /* SearchNewsRemoteDataSourceProtocol.swift in Sources */,
				B8AD6A4C28CE560B009A660C /* CategorizedNewsRemoteDataSource.swift in Sources */,
				B8B5893F28C62FE8007C822F /* DataAssembly.swift in Sources */,
			);
			runOnlyForDeploymentPostprocessing = 0;
		};
/* End PBXSourcesBuildPhase section */

/* Begin PBXTargetDependency section */
		B825C9CC28BE585500452978 /* PBXTargetDependency */ = {
			isa = PBXTargetDependency;
			target = B859504A28BCAE000072E95A /* data */;
			targetProxy = B825C9CB28BE585500452978 /* PBXContainerItemProxy */;
		};
/* End PBXTargetDependency section */

/* Begin XCBuildConfiguration section */
		B825C9CD28BE585500452978 /* Debug */ = {
			isa = XCBuildConfiguration;
			buildSettings = {
				ALWAYS_EMBED_SWIFT_STANDARD_LIBRARIES = YES;
				CODE_SIGN_STYLE = Automatic;
				CURRENT_PROJECT_VERSION = 1;
				GENERATE_INFOPLIST_FILE = YES;
				IPHONEOS_DEPLOYMENT_TARGET = 14.0;
				MARKETING_VERSION = 1.0;
				PRODUCT_BUNDLE_IDENTIFIER = com.nihatismayilov.dataTests;
				PRODUCT_NAME = "$(TARGET_NAME)";
				SWIFT_EMIT_LOC_STRINGS = NO;
				SWIFT_VERSION = 5.0;
				TARGETED_DEVICE_FAMILY = "1,2";
			};
			name = Debug;
		};
		B825C9CE28BE585500452978 /* Release */ = {
			isa = XCBuildConfiguration;
			buildSettings = {
				ALWAYS_EMBED_SWIFT_STANDARD_LIBRARIES = YES;
				CODE_SIGN_STYLE = Automatic;
				CURRENT_PROJECT_VERSION = 1;
				GENERATE_INFOPLIST_FILE = YES;
				IPHONEOS_DEPLOYMENT_TARGET = 14.0;
				MARKETING_VERSION = 1.0;
				PRODUCT_BUNDLE_IDENTIFIER = com.nihatismayilov.dataTests;
				PRODUCT_NAME = "$(TARGET_NAME)";
				SWIFT_EMIT_LOC_STRINGS = NO;
				SWIFT_VERSION = 5.0;
				TARGETED_DEVICE_FAMILY = "1,2";
			};
			name = Release;
		};
		B859505028BCAE000072E95A /* Debug */ = {
			isa = XCBuildConfiguration;
			buildSettings = {
				ALWAYS_SEARCH_USER_PATHS = NO;
				CLANG_ANALYZER_NONNULL = YES;
				CLANG_ANALYZER_NUMBER_OBJECT_CONVERSION = YES_AGGRESSIVE;
				CLANG_CXX_LANGUAGE_STANDARD = "gnu++17";
				CLANG_ENABLE_MODULES = YES;
				CLANG_ENABLE_OBJC_ARC = YES;
				CLANG_ENABLE_OBJC_WEAK = YES;
				CLANG_WARN_BLOCK_CAPTURE_AUTORELEASING = YES;
				CLANG_WARN_BOOL_CONVERSION = YES;
				CLANG_WARN_COMMA = YES;
				CLANG_WARN_CONSTANT_CONVERSION = YES;
				CLANG_WARN_DEPRECATED_OBJC_IMPLEMENTATIONS = YES;
				CLANG_WARN_DIRECT_OBJC_ISA_USAGE = YES_ERROR;
				CLANG_WARN_DOCUMENTATION_COMMENTS = YES;
				CLANG_WARN_EMPTY_BODY = YES;
				CLANG_WARN_ENUM_CONVERSION = YES;
				CLANG_WARN_INFINITE_RECURSION = YES;
				CLANG_WARN_INT_CONVERSION = YES;
				CLANG_WARN_NON_LITERAL_NULL_CONVERSION = YES;
				CLANG_WARN_OBJC_IMPLICIT_RETAIN_SELF = YES;
				CLANG_WARN_OBJC_LITERAL_CONVERSION = YES;
				CLANG_WARN_OBJC_ROOT_CLASS = YES_ERROR;
				CLANG_WARN_QUOTED_INCLUDE_IN_FRAMEWORK_HEADER = YES;
				CLANG_WARN_RANGE_LOOP_ANALYSIS = YES;
				CLANG_WARN_STRICT_PROTOTYPES = YES;
				CLANG_WARN_SUSPICIOUS_MOVE = YES;
				CLANG_WARN_UNGUARDED_AVAILABILITY = YES_AGGRESSIVE;
				CLANG_WARN_UNREACHABLE_CODE = YES;
				CLANG_WARN__DUPLICATE_METHOD_MATCH = YES;
				COPY_PHASE_STRIP = NO;
				CURRENT_PROJECT_VERSION = 1;
				DEBUG_INFORMATION_FORMAT = dwarf;
				ENABLE_STRICT_OBJC_MSGSEND = YES;
				ENABLE_TESTABILITY = YES;
				GCC_C_LANGUAGE_STANDARD = gnu11;
				GCC_DYNAMIC_NO_PIC = NO;
				GCC_NO_COMMON_BLOCKS = YES;
				GCC_OPTIMIZATION_LEVEL = 0;
				GCC_PREPROCESSOR_DEFINITIONS = (
					"DEBUG=1",
					"$(inherited)",
				);
				GCC_WARN_64_TO_32_BIT_CONVERSION = YES;
				GCC_WARN_ABOUT_RETURN_TYPE = YES_ERROR;
				GCC_WARN_UNDECLARED_SELECTOR = YES;
				GCC_WARN_UNINITIALIZED_AUTOS = YES_AGGRESSIVE;
				GCC_WARN_UNUSED_FUNCTION = YES;
				GCC_WARN_UNUSED_VARIABLE = YES;
				IPHONEOS_DEPLOYMENT_TARGET = 14.0;
				MTL_ENABLE_DEBUG_INFO = INCLUDE_SOURCE;
				MTL_FAST_MATH = YES;
				ONLY_ACTIVE_ARCH = YES;
				SDKROOT = iphoneos;
				SWIFT_ACTIVE_COMPILATION_CONDITIONS = DEBUG;
				SWIFT_OPTIMIZATION_LEVEL = "-Onone";
				VERSIONING_SYSTEM = "apple-generic";
				VERSION_INFO_PREFIX = "";
			};
			name = Debug;
		};
		B859505128BCAE000072E95A /* Release */ = {
			isa = XCBuildConfiguration;
			buildSettings = {
				ALWAYS_SEARCH_USER_PATHS = NO;
				CLANG_ANALYZER_NONNULL = YES;
				CLANG_ANALYZER_NUMBER_OBJECT_CONVERSION = YES_AGGRESSIVE;
				CLANG_CXX_LANGUAGE_STANDARD = "gnu++17";
				CLANG_ENABLE_MODULES = YES;
				CLANG_ENABLE_OBJC_ARC = YES;
				CLANG_ENABLE_OBJC_WEAK = YES;
				CLANG_WARN_BLOCK_CAPTURE_AUTORELEASING = YES;
				CLANG_WARN_BOOL_CONVERSION = YES;
				CLANG_WARN_COMMA = YES;
				CLANG_WARN_CONSTANT_CONVERSION = YES;
				CLANG_WARN_DEPRECATED_OBJC_IMPLEMENTATIONS = YES;
				CLANG_WARN_DIRECT_OBJC_ISA_USAGE = YES_ERROR;
				CLANG_WARN_DOCUMENTATION_COMMENTS = YES;
				CLANG_WARN_EMPTY_BODY = YES;
				CLANG_WARN_ENUM_CONVERSION = YES;
				CLANG_WARN_INFINITE_RECURSION = YES;
				CLANG_WARN_INT_CONVERSION = YES;
				CLANG_WARN_NON_LITERAL_NULL_CONVERSION = YES;
				CLANG_WARN_OBJC_IMPLICIT_RETAIN_SELF = YES;
				CLANG_WARN_OBJC_LITERAL_CONVERSION = YES;
				CLANG_WARN_OBJC_ROOT_CLASS = YES_ERROR;
				CLANG_WARN_QUOTED_INCLUDE_IN_FRAMEWORK_HEADER = YES;
				CLANG_WARN_RANGE_LOOP_ANALYSIS = YES;
				CLANG_WARN_STRICT_PROTOTYPES = YES;
				CLANG_WARN_SUSPICIOUS_MOVE = YES;
				CLANG_WARN_UNGUARDED_AVAILABILITY = YES_AGGRESSIVE;
				CLANG_WARN_UNREACHABLE_CODE = YES;
				CLANG_WARN__DUPLICATE_METHOD_MATCH = YES;
				COPY_PHASE_STRIP = NO;
				CURRENT_PROJECT_VERSION = 1;
				DEBUG_INFORMATION_FORMAT = "dwarf-with-dsym";
				ENABLE_NS_ASSERTIONS = NO;
				ENABLE_STRICT_OBJC_MSGSEND = YES;
				GCC_C_LANGUAGE_STANDARD = gnu11;
				GCC_NO_COMMON_BLOCKS = YES;
				GCC_WARN_64_TO_32_BIT_CONVERSION = YES;
				GCC_WARN_ABOUT_RETURN_TYPE = YES_ERROR;
				GCC_WARN_UNDECLARED_SELECTOR = YES;
				GCC_WARN_UNINITIALIZED_AUTOS = YES_AGGRESSIVE;
				GCC_WARN_UNUSED_FUNCTION = YES;
				GCC_WARN_UNUSED_VARIABLE = YES;
				IPHONEOS_DEPLOYMENT_TARGET = 14.0;
				MTL_ENABLE_DEBUG_INFO = NO;
				MTL_FAST_MATH = YES;
				SDKROOT = iphoneos;
				SWIFT_COMPILATION_MODE = wholemodule;
				SWIFT_OPTIMIZATION_LEVEL = "-O";
				VALIDATE_PRODUCT = YES;
				VERSIONING_SYSTEM = "apple-generic";
				VERSION_INFO_PREFIX = "";
			};
			name = Release;
		};
		B859505328BCAE000072E95A /* Debug */ = {
			isa = XCBuildConfiguration;
			buildSettings = {
				CLANG_ENABLE_MODULES = YES;
				CODE_SIGN_STYLE = Automatic;
				CURRENT_PROJECT_VERSION = 1;
				DEFINES_MODULE = YES;
				DYLIB_COMPATIBILITY_VERSION = 1;
				DYLIB_CURRENT_VERSION = 1;
				DYLIB_INSTALL_NAME_BASE = "@rpath";
				GENERATE_INFOPLIST_FILE = YES;
				INFOPLIST_KEY_NSHumanReadableCopyright = "";
				INSTALL_PATH = "$(LOCAL_LIBRARY_DIR)/Frameworks";
				LD_RUNPATH_SEARCH_PATHS = (
					"$(inherited)",
					"@executable_path/Frameworks",
					"@loader_path/Frameworks",
				);
				MARKETING_VERSION = 1.0;
				PRODUCT_BUNDLE_IDENTIFIER = com.nihatismayilov.data;
				PRODUCT_NAME = "$(TARGET_NAME:c99extidentifier)";
				SKIP_INSTALL = YES;
				SUPPORTS_MACCATALYST = NO;
				SWIFT_EMIT_LOC_STRINGS = YES;
				SWIFT_OPTIMIZATION_LEVEL = "-Onone";
				SWIFT_VERSION = 5.0;
				TARGETED_DEVICE_FAMILY = 1;
			};
			name = Debug;
		};
		B859505428BCAE000072E95A /* Release */ = {
			isa = XCBuildConfiguration;
			buildSettings = {
				CLANG_ENABLE_MODULES = YES;
				CODE_SIGN_STYLE = Automatic;
				CURRENT_PROJECT_VERSION = 1;
				DEFINES_MODULE = YES;
				DYLIB_COMPATIBILITY_VERSION = 1;
				DYLIB_CURRENT_VERSION = 1;
				DYLIB_INSTALL_NAME_BASE = "@rpath";
				GENERATE_INFOPLIST_FILE = YES;
				INFOPLIST_KEY_NSHumanReadableCopyright = "";
				INSTALL_PATH = "$(LOCAL_LIBRARY_DIR)/Frameworks";
				LD_RUNPATH_SEARCH_PATHS = (
					"$(inherited)",
					"@executable_path/Frameworks",
					"@loader_path/Frameworks",
				);
				MARKETING_VERSION = 1.0;
				PRODUCT_BUNDLE_IDENTIFIER = com.nihatismayilov.data;
				PRODUCT_NAME = "$(TARGET_NAME:c99extidentifier)";
				SKIP_INSTALL = YES;
				SUPPORTS_MACCATALYST = NO;
				SWIFT_EMIT_LOC_STRINGS = YES;
				SWIFT_VERSION = 5.0;
				TARGETED_DEVICE_FAMILY = 1;
			};
			name = Release;
		};
/* End XCBuildConfiguration section */

/* Begin XCConfigurationList section */
		B825C9CF28BE585500452978 /* Build configuration list for PBXNativeTarget "dataTests" */ = {
			isa = XCConfigurationList;
			buildConfigurations = (
				B825C9CD28BE585500452978 /* Debug */,
				B825C9CE28BE585500452978 /* Release */,
			);
			defaultConfigurationIsVisible = 0;
			defaultConfigurationName = Release;
		};
		B859504528BCAE000072E95A /* Build configuration list for PBXProject "data" */ = {
			isa = XCConfigurationList;
			buildConfigurations = (
				B859505028BCAE000072E95A /* Debug */,
				B859505128BCAE000072E95A /* Release */,
			);
			defaultConfigurationIsVisible = 0;
			defaultConfigurationName = Release;
		};
		B859505228BCAE000072E95A /* Build configuration list for PBXNativeTarget "data" */ = {
			isa = XCConfigurationList;
			buildConfigurations = (
				B859505328BCAE000072E95A /* Debug */,
				B859505428BCAE000072E95A /* Release */,
			);
			defaultConfigurationIsVisible = 0;
			defaultConfigurationName = Release;
		};
/* End XCConfigurationList section */

/* Begin XCRemoteSwiftPackageReference section */
		B859505E28BCAEA50072E95A /* XCRemoteSwiftPackageReference "Alamofire" */ = {
			isa = XCRemoteSwiftPackageReference;
			repositoryURL = "https://github.com/Alamofire/Alamofire";
			requirement = {
				kind = upToNextMajorVersion;
				minimumVersion = 5.0.0;
			};
		};
		B8EEFD2228C1E32F0057990E /* XCRemoteSwiftPackageReference "realm-swift" */ = {
			isa = XCRemoteSwiftPackageReference;
			repositoryURL = "https://github.com/realm/realm-swift";
			requirement = {
				branch = master;
				kind = branch;
			};
		};
/* End XCRemoteSwiftPackageReference section */

/* Begin XCSwiftPackageProductDependency section */
		B859505F28BCAEA50072E95A /* Alamofire */ = {
			isa = XCSwiftPackageProductDependency;
			package = B859505E28BCAEA50072E95A /* XCRemoteSwiftPackageReference "Alamofire" */;
			productName = Alamofire;
		};
		B8EEFD2328C1E32F0057990E /* RealmSwift */ = {
			isa = XCSwiftPackageProductDependency;
			package = B8EEFD2228C1E32F0057990E /* XCRemoteSwiftPackageReference "realm-swift" */;
			productName = RealmSwift;
		};
/* End XCSwiftPackageProductDependency section */
	};
	rootObject = B859504228BCAE000072E95A /* Project object */;
}
